
Microsoft Visual Studio Solution File, Format Version 12.00
Project("{FAE04EC0-301F-11D3-BF4B-00C04F79EFBC}") = "SignalRRabbitMqApp", "SignalRRabbitMqApp\SignalRRabbitMqApp.csproj", "{1D6441FA-2636-4401-9F89-77809935E4D8}"
EndProject
Project("{FAE04EC0-301F-11D3-BF4B-00C04F79EFBC}") = "EmailSenderClient", "EmailSenderClient\EmailSenderClient.csproj", "{4451EDEA-1592-45F1-9109-CD56F82FBEA0}"
EndProject
Global
	GlobalSection(SolutionConfigurationPlatforms) = preSolution
		Debug|Any CPU = Debug|Any CPU
		Release|Any CPU = Release|Any CPU
	EndGlobalSection
	GlobalSection(ProjectConfigurationPlatforms) = postSolution
		{1D6441FA-2636-4401-9F89-77809935E4D8}.Debug|Any CPU.ActiveCfg = Debug|Any CPU
		{1D6441FA-2636-4401-9F89-77809935E4D8}.Debug|Any CPU.Build.0 = Debug|Any CPU
		{1D6441FA-2636-4401-9F89-77809935E4D8}.Release|Any CPU.ActiveCfg = Release|Any CPU
		{1D6441FA-2636-4401-9F89-77809935E4D8}.Release|Any CPU.Build.0 = Release|Any CPU
		{4451EDEA-1592-45F1-9109-CD56F82FBEA0}.Debug|Any CPU.ActiveCfg = Debug|Any CPU
		{4451EDEA-1592-45F1-9109-CD56F82FBEA0}.Debug|Any CPU.Build.0 = Debug|Any CPU
		{4451EDEA-1592-45F1-9109-CD56F82FBEA0}.Release|Any CPU.ActiveCfg = Release|Any CPU
		{4451EDEA-1592-45F1-9109-CD56F82FBEA0}.Release|Any CPU.Build.0 = Release|Any CPU
	EndGlobalSection
EndGlobal
